
Microsoft Visual Studio Solution File, Format Version 12.00
Project("{FAE04EC0-301F-11D3-BF4B-00C04F79EFBC}") = "KickAssMod", "KickAssMod\KickAssMod.csproj", "{F1834294-0AE4-42EB-8E41-626A04748A82}"
EndProject
Global
	GlobalSection(SolutionConfigurationPlatforms) = preSolution
		Debug|Any CPU = Debug|Any CPU
		Release|Any CPU = Release|Any CPU
	EndGlobalSection
	GlobalSection(ProjectConfigurationPlatforms) = postSolution
		{F1834294-0AE4-42EB-8E41-626A04748A82}.Debug|Any CPU.ActiveCfg = Debug|Any CPU
		{F1834294-0AE4-42EB-8E41-626A04748A82}.Debug|Any CPU.Build.0 = Debug|Any CPU
		{F1834294-0AE4-42EB-8E41-626A04748A82}.Release|Any CPU.ActiveCfg = Release|Any CPU
		{F1834294-0AE4-42EB-8E41-626A04748A82}.Release|Any CPU.Build.0 = Release|Any CPU
	EndGlobalSection
EndGlobal
